
Microsoft Visual Studio Solution File, Format Version 12.00
# Visual Studio Version 17
VisualStudioVersion = 17.7.34202.233
MinimumVisualStudioVersion = 10.0.40219.1
Project("{FAE04EC0-301F-11D3-BF4B-00C04F79EFBC}") = "OOP_SInema Otomasyonu - Cozumu", "OOP_SInema Otomasyonu - Cozumu.csproj", "{9F8A15FB-3B0D-4B5A-AB60-5339642A4AF2}"
EndProject
Global
	GlobalSection(SolutionConfigurationPlatforms) = preSolution
		Debug|Any CPU = Debug|Any CPU
		Release|Any CPU = Release|Any CPU
	EndGlobalSection
	GlobalSection(ProjectConfigurationPlatforms) = postSolution
		{9F8A15FB-3B0D-4B5A-AB60-5339642A4AF2}.Debug|Any CPU.ActiveCfg = Debug|Any CPU
		{9F8A15FB-3B0D-4B5A-AB60-5339642A4AF2}.Debug|Any CPU.Build.0 = Debug|Any CPU
		{9F8A15FB-3B0D-4B5A-AB60-5339642A4AF2}.Release|Any CPU.ActiveCfg = Release|Any CPU
		{9F8A15FB-3B0D-4B5A-AB60-5339642A4AF2}.Release|Any CPU.Build.0 = Release|Any CPU
	EndGlobalSection
	GlobalSection(SolutionProperties) = preSolution
		HideSolutionNode = FALSE
	EndGlobalSection
	GlobalSection(ExtensibilityGlobals) = postSolution
		SolutionGuid = {7615BD46-F1E5-4C0D-9690-B7FDD3236692}
	EndGlobalSection
EndGlobal
